
Microsoft Visual Studio Solution File, Format Version 12.00
# Visual Studio 15
VisualStudioVersion = 15.0.26430.16
MinimumVisualStudioVersion = 10.0.40219.1
Project("{FAE04EC0-301F-11D3-BF4B-00C04F79EFBC}") = "SeoSoft.Web", "SeoPointer\SeoSoft.Web.csproj", "{324EA478-E50F-49D7-B0E6-92E19BB425E5}"
EndProject
Project("{2150E333-8FDC-42A3-9474-1A3956D46DE8}") = "SeoSoft", "SeoSoft", "{8336FE0E-1CBA-4CEA-8EC6-769B8157766C}"
EndProject
Project("{FAE04EC0-301F-11D3-BF4B-00C04F79EFBC}") = "SeoSoft.Data", "Data\SeoSoft.Data.csproj", "{D5A4311B-4CAE-4534-B969-06A01DDD4E76}"
EndProject
Project("{FAE04EC0-301F-11D3-BF4B-00C04F79EFBC}") = "SeoSoft.Api", "SeoSoft.Api\SeoSoft.Api.csproj", "{FE480173-EA90-422B-9BF6-FAEBBD8EFD68}"
EndProject
Global
	GlobalSection(SolutionConfigurationPlatforms) = preSolution
		Debug|Any CPU = Debug|Any CPU
		Release|Any CPU = Release|Any CPU
	EndGlobalSection
	GlobalSection(ProjectConfigurationPlatforms) = postSolution
		{324EA478-E50F-49D7-B0E6-92E19BB425E5}.Debug|Any CPU.ActiveCfg = Debug|Any CPU
		{324EA478-E50F-49D7-B0E6-92E19BB425E5}.Debug|Any CPU.Build.0 = Debug|Any CPU
		{324EA478-E50F-49D7-B0E6-92E19BB425E5}.Release|Any CPU.ActiveCfg = Release|Any CPU
		{324EA478-E50F-49D7-B0E6-92E19BB425E5}.Release|Any CPU.Build.0 = Release|Any CPU
		{D5A4311B-4CAE-4534-B969-06A01DDD4E76}.Debug|Any CPU.ActiveCfg = Debug|Any CPU
		{D5A4311B-4CAE-4534-B969-06A01DDD4E76}.Debug|Any CPU.Build.0 = Debug|Any CPU
		{D5A4311B-4CAE-4534-B969-06A01DDD4E76}.Release|Any CPU.ActiveCfg = Release|Any CPU
		{D5A4311B-4CAE-4534-B969-06A01DDD4E76}.Release|Any CPU.Build.0 = Release|Any CPU
		{FE480173-EA90-422B-9BF6-FAEBBD8EFD68}.Debug|Any CPU.ActiveCfg = Debug|Any CPU
		{FE480173-EA90-422B-9BF6-FAEBBD8EFD68}.Debug|Any CPU.Build.0 = Debug|Any CPU
		{FE480173-EA90-422B-9BF6-FAEBBD8EFD68}.Release|Any CPU.ActiveCfg = Release|Any CPU
		{FE480173-EA90-422B-9BF6-FAEBBD8EFD68}.Release|Any CPU.Build.0 = Release|Any CPU
	EndGlobalSection
	GlobalSection(SolutionProperties) = preSolution
		HideSolutionNode = FALSE
	EndGlobalSection
	GlobalSection(NestedProjects) = preSolution
		{324EA478-E50F-49D7-B0E6-92E19BB425E5} = {8336FE0E-1CBA-4CEA-8EC6-769B8157766C}
		{D5A4311B-4CAE-4534-B969-06A01DDD4E76} = {8336FE0E-1CBA-4CEA-8EC6-769B8157766C}
		{FE480173-EA90-422B-9BF6-FAEBBD8EFD68} = {8336FE0E-1CBA-4CEA-8EC6-769B8157766C}
	EndGlobalSection
EndGlobal
